
Microsoft Visual Studio Solution File, Format Version 12.00
# Visual Studio Version 16
VisualStudioVersion = 16.0.29424.173
MinimumVisualStudioVersion = 10.0.40219.1
Project("{8BC9CEB8-8B4A-11D0-8D11-00A0C91BC942}") = "P1_OrdenacionMetodoInsercion", "P1_OrdenacionMetodoInsercion\P1_OrdenacionMetodoInsercion.vcxproj", "{36D99D18-7F12-4489-BACE-753EE7A71F37}"
EndProject
Global
	GlobalSection(SolutionConfigurationPlatforms) = preSolution
		Debug|x64 = Debug|x64
		Debug|x86 = Debug|x86
		Release|x64 = Release|x64
		Release|x86 = Release|x86
	EndGlobalSection
	GlobalSection(ProjectConfigurationPlatforms) = postSolution
		{36D99D18-7F12-4489-BACE-753EE7A71F37}.Debug|x64.ActiveCfg = Debug|x64
		{36D99D18-7F12-4489-BACE-753EE7A71F37}.Debug|x64.Build.0 = Debug|x64
		{36D99D18-7F12-4489-BACE-753EE7A71F37}.Debug|x86.ActiveCfg = Debug|Win32
		{36D99D18-7F12-4489-BACE-753EE7A71F37}.Debug|x86.Build.0 = Debug|Win32
		{36D99D18-7F12-4489-BACE-753EE7A71F37}.Release|x64.ActiveCfg = Release|x64
		{36D99D18-7F12-4489-BACE-753EE7A71F37}.Release|x64.Build.0 = Release|x64
		{36D99D18-7F12-4489-BACE-753EE7A71F37}.Release|x86.ActiveCfg = Release|Win32
		{36D99D18-7F12-4489-BACE-753EE7A71F37}.Release|x86.Build.0 = Release|Win32
	EndGlobalSection
	GlobalSection(SolutionProperties) = preSolution
		HideSolutionNode = FALSE
	EndGlobalSection
	GlobalSection(ExtensibilityGlobals) = postSolution
		SolutionGuid = {CB8FB5FE-3EF2-4719-B6F9-20934FD7EE83}
	EndGlobalSection
EndGlobal
